{
  "version": 4,
  "terraform_version": "0.12.24",
  "serial": 37,
  "lineage": "2b998711-6f2e-9f32-f3b8-fc7c96a3a2a0",
  "outputs": {},
  "resources": [
    {
      "mode": "managed",
      "type": "google_compute_instance",
      "name": "k8s-01",
      "provider": "provider.google",
      "instances": [
        {
          "schema_version": 6,
          "attributes": {
            "allow_stopping_for_update": null,
            "attached_disk": [],
            "boot_disk": [
              {
                "auto_delete": true,
                "device_name": "persistent-disk-0",
                "disk_encryption_key_raw": "",
                "disk_encryption_key_sha256": "",
                "initialize_params": [
                  {
                    "image": "https://www.googleapis.com/compute/v1/projects/centos-cloud/global/images/centos-7-v20200603",
                    "labels": {},
                    "size": 50,
                    "type": "pd-standard"
                  }
                ],
                "kms_key_self_link": "",
                "mode": "READ_WRITE",
                "source": "https://www.googleapis.com/compute/v1/projects/inlaid-lane-270316/zones/us-west1-a/disks/k8s-01"
              }
            ],
            "can_ip_forward": false,
            "cpu_platform": "Intel Broadwell",
            "deletion_protection": false,
            "description": "",
            "desired_status": null,
            "enable_display": false,
            "guest_accelerator": [],
            "hostname": "k8s-01.srv",
            "id": "projects/inlaid-lane-270316/zones/us-west1-a/instances/k8s-01",
            "instance_id": "1488825968356632572",
            "label_fingerprint": "42WmSpB8rSM=",
            "labels": null,
            "machine_type": "n1-standard-2",
            "metadata": {
              "ssh-keys": "silveira:ssh-rsa AAAAB3NzaC1yc2EAAAADAQABAAABAQC4VO5uudtgs2Cf0YB9bNqc7ZV5ZUkdwlfuYXPtQlxzh1v5sj5ut7aB0uKl62kwgkeb/ZjjOXR27bnKEBBE/1+5NaIripzUglSb4sxuDwhs96hjAy6UMOpN8Hj/ag5tvDDUPZ9c/p13f2DrTK+uDENBMAsZXwlW7l0ik09MU4GbeLh6sjP2UqHQpACCu4/Ik0puMqRHbk9K1ZXzrTKd7puXQ0rhDquWB1isCqwFdGBmQk1ZYtG+m9Xqr16IXqAMyNIWjrz3EjhwDMqhuoqfnSipJ+hmWVjOrb2IkCsy+dZd3LYzXmu3iymzufBHkTv9KYctd9cg+oG2pz1J9mxrCXdP silveira@silveira\n"
            },
            "metadata_fingerprint": "XVRXyhDOfyw=",
            "metadata_startup_script": "",
            "min_cpu_platform": "",
            "name": "k8s-01",
            "network_interface": [
              {
                "access_config": [
                  {
                    "nat_ip": "34.105.76.247",
                    "network_tier": "PREMIUM",
                    "public_ptr_domain_name": ""
                  }
                ],
                "alias_ip_range": [],
                "name": "nic0",
                "network": "https://www.googleapis.com/compute/v1/projects/inlaid-lane-270316/global/networks/default",
                "network_ip": "10.138.0.13",
                "subnetwork": "https://www.googleapis.com/compute/v1/projects/inlaid-lane-270316/regions/us-west1/subnetworks/default",
                "subnetwork_project": "inlaid-lane-270316"
              }
            ],
            "project": "inlaid-lane-270316",
            "scheduling": [
              {
                "automatic_restart": true,
                "node_affinities": [],
                "on_host_maintenance": "MIGRATE",
                "preemptible": false
              }
            ],
            "scratch_disk": [],
            "self_link": "https://www.googleapis.com/compute/v1/projects/inlaid-lane-270316/zones/us-west1-a/instances/k8s-01",
            "service_account": [],
            "shielded_instance_config": [
              {
                "enable_integrity_monitoring": true,
                "enable_secure_boot": false,
                "enable_vtpm": true
              }
            ],
            "tags": null,
            "tags_fingerprint": "42WmSpB8rSM=",
            "timeouts": null,
            "zone": "us-west1-a"
          },
          "private": "eyJlMmJmYjczMC1lY2FhLTExZTYtOGY4OC0zNDM2M2JjN2M0YzAiOnsiY3JlYXRlIjoxMjAwMDAwMDAwMDAwLCJkZWxldGUiOjEyMDAwMDAwMDAwMDAsInVwZGF0ZSI6MTIwMDAwMDAwMDAwMH0sInNjaGVtYV92ZXJzaW9uIjoiNiJ9"
        }
      ]
    },
    {
      "mode": "managed",
      "type": "google_compute_instance",
      "name": "k8s-02",
      "provider": "provider.google",
      "instances": [
        {
          "schema_version": 6,
          "attributes": {
            "allow_stopping_for_update": null,
            "attached_disk": [],
            "boot_disk": [
              {
                "auto_delete": true,
                "device_name": "persistent-disk-0",
                "disk_encryption_key_raw": "",
                "disk_encryption_key_sha256": "",
                "initialize_params": [
                  {
                    "image": "https://www.googleapis.com/compute/v1/projects/centos-cloud/global/images/centos-7-v20200603",
                    "labels": {},
                    "size": 50,
                    "type": "pd-standard"
                  }
                ],
                "kms_key_self_link": "",
                "mode": "READ_WRITE",
                "source": "https://www.googleapis.com/compute/v1/projects/inlaid-lane-270316/zones/us-west1-a/disks/k8s-02"
              }
            ],
            "can_ip_forward": false,
            "cpu_platform": "Intel Broadwell",
            "deletion_protection": false,
            "description": "",
            "desired_status": null,
            "enable_display": false,
            "guest_accelerator": [],
            "hostname": "k8s-02.srv",
            "id": "projects/inlaid-lane-270316/zones/us-west1-a/instances/k8s-02",
            "instance_id": "2930577490974222332",
            "label_fingerprint": "42WmSpB8rSM=",
            "labels": null,
            "machine_type": "n1-standard-2",
            "metadata": {
              "ssh-keys": "silveira:ssh-rsa AAAAB3NzaC1yc2EAAAADAQABAAABAQC4VO5uudtgs2Cf0YB9bNqc7ZV5ZUkdwlfuYXPtQlxzh1v5sj5ut7aB0uKl62kwgkeb/ZjjOXR27bnKEBBE/1+5NaIripzUglSb4sxuDwhs96hjAy6UMOpN8Hj/ag5tvDDUPZ9c/p13f2DrTK+uDENBMAsZXwlW7l0ik09MU4GbeLh6sjP2UqHQpACCu4/Ik0puMqRHbk9K1ZXzrTKd7puXQ0rhDquWB1isCqwFdGBmQk1ZYtG+m9Xqr16IXqAMyNIWjrz3EjhwDMqhuoqfnSipJ+hmWVjOrb2IkCsy+dZd3LYzXmu3iymzufBHkTv9KYctd9cg+oG2pz1J9mxrCXdP silveira@silveira\n"
            },
            "metadata_fingerprint": "XVRXyhDOfyw=",
            "metadata_startup_script": "",
            "min_cpu_platform": "",
            "name": "k8s-02",
            "network_interface": [
              {
                "access_config": [
                  {
                    "nat_ip": "34.83.150.11",
                    "network_tier": "PREMIUM",
                    "public_ptr_domain_name": ""
                  }
                ],
                "alias_ip_range": [],
                "name": "nic0",
                "network": "https://www.googleapis.com/compute/v1/projects/inlaid-lane-270316/global/networks/default",
                "network_ip": "10.138.0.14",
                "subnetwork": "https://www.googleapis.com/compute/v1/projects/inlaid-lane-270316/regions/us-west1/subnetworks/default",
                "subnetwork_project": "inlaid-lane-270316"
              }
            ],
            "project": "inlaid-lane-270316",
            "scheduling": [
              {
                "automatic_restart": true,
                "node_affinities": [],
                "on_host_maintenance": "MIGRATE",
                "preemptible": false
              }
            ],
            "scratch_disk": [],
            "self_link": "https://www.googleapis.com/compute/v1/projects/inlaid-lane-270316/zones/us-west1-a/instances/k8s-02",
            "service_account": [],
            "shielded_instance_config": [
              {
                "enable_integrity_monitoring": true,
                "enable_secure_boot": false,
                "enable_vtpm": true
              }
            ],
            "tags": null,
            "tags_fingerprint": "42WmSpB8rSM=",
            "timeouts": null,
            "zone": "us-west1-a"
          },
          "private": "eyJlMmJmYjczMC1lY2FhLTExZTYtOGY4OC0zNDM2M2JjN2M0YzAiOnsiY3JlYXRlIjoxMjAwMDAwMDAwMDAwLCJkZWxldGUiOjEyMDAwMDAwMDAwMDAsInVwZGF0ZSI6MTIwMDAwMDAwMDAwMH0sInNjaGVtYV92ZXJzaW9uIjoiNiJ9"
        }
      ]
    },
    {
      "mode": "managed",
      "type": "google_compute_instance",
      "name": "k8s-03",
      "provider": "provider.google",
      "instances": [
        {
          "schema_version": 6,
          "attributes": {
            "allow_stopping_for_update": null,
            "attached_disk": [],
            "boot_disk": [
              {
                "auto_delete": true,
                "device_name": "persistent-disk-0",
                "disk_encryption_key_raw": "",
                "disk_encryption_key_sha256": "",
                "initialize_params": [
                  {
                    "image": "https://www.googleapis.com/compute/v1/projects/centos-cloud/global/images/centos-7-v20200603",
                    "labels": {},
                    "size": 50,
                    "type": "pd-standard"
                  }
                ],
                "kms_key_self_link": "",
                "mode": "READ_WRITE",
                "source": "https://www.googleapis.com/compute/v1/projects/inlaid-lane-270316/zones/us-west1-a/disks/k8s-03"
              }
            ],
            "can_ip_forward": false,
            "cpu_platform": "Intel Broadwell",
            "deletion_protection": false,
            "description": "",
            "desired_status": null,
            "enable_display": false,
            "guest_accelerator": [],
            "hostname": "k8s-03.srv",
            "id": "projects/inlaid-lane-270316/zones/us-west1-a/instances/k8s-03",
            "instance_id": "1813850547649128444",
            "label_fingerprint": "42WmSpB8rSM=",
            "labels": null,
            "machine_type": "n1-standard-2",
            "metadata": {
              "ssh-keys": "silveira:ssh-rsa AAAAB3NzaC1yc2EAAAADAQABAAABAQC4VO5uudtgs2Cf0YB9bNqc7ZV5ZUkdwlfuYXPtQlxzh1v5sj5ut7aB0uKl62kwgkeb/ZjjOXR27bnKEBBE/1+5NaIripzUglSb4sxuDwhs96hjAy6UMOpN8Hj/ag5tvDDUPZ9c/p13f2DrTK+uDENBMAsZXwlW7l0ik09MU4GbeLh6sjP2UqHQpACCu4/Ik0puMqRHbk9K1ZXzrTKd7puXQ0rhDquWB1isCqwFdGBmQk1ZYtG+m9Xqr16IXqAMyNIWjrz3EjhwDMqhuoqfnSipJ+hmWVjOrb2IkCsy+dZd3LYzXmu3iymzufBHkTv9KYctd9cg+oG2pz1J9mxrCXdP silveira@silveira\n"
            },
            "metadata_fingerprint": "XVRXyhDOfyw=",
            "metadata_startup_script": "",
            "min_cpu_platform": "",
            "name": "k8s-03",
            "network_interface": [
              {
                "access_config": [
                  {
                    "nat_ip": "35.230.76.113",
                    "network_tier": "PREMIUM",
                    "public_ptr_domain_name": ""
                  }
                ],
                "alias_ip_range": [],
                "name": "nic0",
                "network": "https://www.googleapis.com/compute/v1/projects/inlaid-lane-270316/global/networks/default",
                "network_ip": "10.138.0.15",
                "subnetwork": "https://www.googleapis.com/compute/v1/projects/inlaid-lane-270316/regions/us-west1/subnetworks/default",
                "subnetwork_project": "inlaid-lane-270316"
              }
            ],
            "project": "inlaid-lane-270316",
            "scheduling": [
              {
                "automatic_restart": true,
                "node_affinities": [],
                "on_host_maintenance": "MIGRATE",
                "preemptible": false
              }
            ],
            "scratch_disk": [],
            "self_link": "https://www.googleapis.com/compute/v1/projects/inlaid-lane-270316/zones/us-west1-a/instances/k8s-03",
            "service_account": [],
            "shielded_instance_config": [
              {
                "enable_integrity_monitoring": true,
                "enable_secure_boot": false,
                "enable_vtpm": true
              }
            ],
            "tags": null,
            "tags_fingerprint": "42WmSpB8rSM=",
            "timeouts": null,
            "zone": "us-west1-a"
          },
          "private": "eyJlMmJmYjczMC1lY2FhLTExZTYtOGY4OC0zNDM2M2JjN2M0YzAiOnsiY3JlYXRlIjoxMjAwMDAwMDAwMDAwLCJkZWxldGUiOjEyMDAwMDAwMDAwMDAsInVwZGF0ZSI6MTIwMDAwMDAwMDAwMH0sInNjaGVtYV92ZXJzaW9uIjoiNiJ9"
        }
      ]
    },
    {
      "mode": "managed",
      "type": "google_compute_instance",
      "name": "k8s-04",
      "provider": "provider.google",
      "instances": [
        {
          "schema_version": 6,
          "attributes": {
            "allow_stopping_for_update": null,
            "attached_disk": [],
            "boot_disk": [
              {
                "auto_delete": true,
                "device_name": "persistent-disk-0",
                "disk_encryption_key_raw": "",
                "disk_encryption_key_sha256": "",
                "initialize_params": [
                  {
                    "image": "https://www.googleapis.com/compute/v1/projects/centos-cloud/global/images/centos-7-v20200603",
                    "labels": {},
                    "size": 50,
                    "type": "pd-standard"
                  }
                ],
                "kms_key_self_link": "",
                "mode": "READ_WRITE",
                "source": "https://www.googleapis.com/compute/v1/projects/inlaid-lane-270316/zones/us-west1-a/disks/k8s-04"
              }
            ],
            "can_ip_forward": false,
            "cpu_platform": "Intel Broadwell",
            "deletion_protection": false,
            "description": "",
            "desired_status": null,
            "enable_display": false,
            "guest_accelerator": [],
            "hostname": "k8s-04.srv",
            "id": "projects/inlaid-lane-270316/zones/us-west1-a/instances/k8s-04",
            "instance_id": "5916398292266526716",
            "label_fingerprint": "42WmSpB8rSM=",
            "labels": null,
            "machine_type": "n1-standard-2",
            "metadata": {
              "ssh-keys": "silveira:ssh-rsa AAAAB3NzaC1yc2EAAAADAQABAAABAQC4VO5uudtgs2Cf0YB9bNqc7ZV5ZUkdwlfuYXPtQlxzh1v5sj5ut7aB0uKl62kwgkeb/ZjjOXR27bnKEBBE/1+5NaIripzUglSb4sxuDwhs96hjAy6UMOpN8Hj/ag5tvDDUPZ9c/p13f2DrTK+uDENBMAsZXwlW7l0ik09MU4GbeLh6sjP2UqHQpACCu4/Ik0puMqRHbk9K1ZXzrTKd7puXQ0rhDquWB1isCqwFdGBmQk1ZYtG+m9Xqr16IXqAMyNIWjrz3EjhwDMqhuoqfnSipJ+hmWVjOrb2IkCsy+dZd3LYzXmu3iymzufBHkTv9KYctd9cg+oG2pz1J9mxrCXdP silveira@silveira\n"
            },
            "metadata_fingerprint": "XVRXyhDOfyw=",
            "metadata_startup_script": "",
            "min_cpu_platform": "",
            "name": "k8s-04",
            "network_interface": [
              {
                "access_config": [
                  {
                    "nat_ip": "35.233.190.54",
                    "network_tier": "PREMIUM",
                    "public_ptr_domain_name": ""
                  }
                ],
                "alias_ip_range": [],
                "name": "nic0",
                "network": "https://www.googleapis.com/compute/v1/projects/inlaid-lane-270316/global/networks/default",
                "network_ip": "10.138.0.16",
                "subnetwork": "https://www.googleapis.com/compute/v1/projects/inlaid-lane-270316/regions/us-west1/subnetworks/default",
                "subnetwork_project": "inlaid-lane-270316"
              }
            ],
            "project": "inlaid-lane-270316",
            "scheduling": [
              {
                "automatic_restart": true,
                "node_affinities": [],
                "on_host_maintenance": "MIGRATE",
                "preemptible": false
              }
            ],
            "scratch_disk": [],
            "self_link": "https://www.googleapis.com/compute/v1/projects/inlaid-lane-270316/zones/us-west1-a/instances/k8s-04",
            "service_account": [],
            "shielded_instance_config": [
              {
                "enable_integrity_monitoring": true,
                "enable_secure_boot": false,
                "enable_vtpm": true
              }
            ],
            "tags": null,
            "tags_fingerprint": "42WmSpB8rSM=",
            "timeouts": null,
            "zone": "us-west1-a"
          },
          "private": "eyJlMmJmYjczMC1lY2FhLTExZTYtOGY4OC0zNDM2M2JjN2M0YzAiOnsiY3JlYXRlIjoxMjAwMDAwMDAwMDAwLCJkZWxldGUiOjEyMDAwMDAwMDAwMDAsInVwZGF0ZSI6MTIwMDAwMDAwMDAwMH0sInNjaGVtYV92ZXJzaW9uIjoiNiJ9"
        }
      ]
    },
    {
      "mode": "managed",
      "type": "null_resource",
      "name": "hosts",
      "provider": "provider.null",
      "instances": [
        {
          "status": "tainted",
          "schema_version": 0,
          "attributes": {
            "id": "6267524636012357014",
            "triggers": {
              "public_ip1": "34.105.76.247",
              "public_ip2": "34.83.150.11",
              "public_ip3": "35.230.76.113",
              "public_ip4": "35.233.190.54"
            }
          },
          "private": "bnVsbA==",
          "dependencies": [
            "google_compute_instance.k8s-01",
            "google_compute_instance.k8s-02",
            "google_compute_instance.k8s-03",
            "google_compute_instance.k8s-04"
          ]
        }
      ]
    }
  ]
}
